// !$*UTF8*$!
{
	archiveVersion = 1;
	classes = {
	};
	objectVersion = 51;
	objects = {

/* Begin PBXBuildFile section */
		6B909C7FD62B526E0219CC9B /* Pods_WorldTrotter.framework in Frameworks */ = {isa = PBXBuildFile; fileRef = 8C4FA2AA83427D7DFC6260F5 /* Pods_WorldTrotter.framework */; };
		F83598952358A85100A843E5 /* AppDelegate.swift in Sources */ = {isa = PBXBuildFile; fileRef = F83598942358A85100A843E5 /* AppDelegate.swift */; };
		F83598992358A85100A843E5 /* ConversionViewController.swift in Sources */ = {isa = PBXBuildFile; fileRef = F83598982358A85100A843E5 /* ConversionViewController.swift */; };
		F835989E2358A85300A843E5 /* Assets.xcassets in Resources */ = {isa = PBXBuildFile; fileRef = F835989D2358A85300A843E5 /* Assets.xcassets */; };
		F83598A12358A85300A843E5 /* LaunchScreen.storyboard in Resources */ = {isa = PBXBuildFile; fileRef = F835989F2358A85300A843E5 /* LaunchScreen.storyboard */; };
		F83598AA2358A9CC00A843E5 /* BaseViewController.swift in Sources */ = {isa = PBXBuildFile; fileRef = F83598A92358A9CC00A843E5 /* BaseViewController.swift */; };
		F83598AC2358AA7C00A843E5 /* ConversionViewReactor.swift in Sources */ = {isa = PBXBuildFile; fileRef = F83598AB2358AA7C00A843E5 /* ConversionViewReactor.swift */; };
		F83598AF2358BD3000A843E5 /* MeasureService.swift in Sources */ = {isa = PBXBuildFile; fileRef = F83598AE2358BD3000A843E5 /* MeasureService.swift */; };
		F83598B12359F03600A843E5 /* MapViewController.swift in Sources */ = {isa = PBXBuildFile; fileRef = F83598B02359F03600A843E5 /* MapViewController.swift */; };
		F83598B32359F07100A843E5 /* MapViewReactor.swift in Sources */ = {isa = PBXBuildFile; fileRef = F83598B22359F07100A843E5 /* MapViewReactor.swift */; };
/* End PBXBuildFile section */

/* Begin PBXFileReference section */
		07E2D917BCE068D1A42C0A3C /* Pods-WorldTrotter.release.xcconfig */ = {isa = PBXFileReference; includeInIndex = 1; lastKnownFileType = text.xcconfig; name = "Pods-WorldTrotter.release.xcconfig"; path = "Target Support Files/Pods-WorldTrotter/Pods-WorldTrotter.release.xcconfig"; sourceTree = "<group>"; };
		1E8D90DA6AEEC7FED255F573 /* Pods-WorldTrotter.debug.xcconfig */ = {isa = PBXFileReference; includeInIndex = 1; lastKnownFileType = text.xcconfig; name = "Pods-WorldTrotter.debug.xcconfig"; path = "Target Support Files/Pods-WorldTrotter/Pods-WorldTrotter.debug.xcconfig"; sourceTree = "<group>"; };
		8C4FA2AA83427D7DFC6260F5 /* Pods_WorldTrotter.framework */ = {isa = PBXFileReference; explicitFileType = wrapper.framework; includeInIndex = 0; path = Pods_WorldTrotter.framework; sourceTree = BUILT_PRODUCTS_DIR; };
		F83598912358A85100A843E5 /* WorldTrotter.app */ = {isa = PBXFileReference; explicitFileType = wrapper.application; includeInIndex = 0; path = WorldTrotter.app; sourceTree = BUILT_PRODUCTS_DIR; };
		F83598942358A85100A843E5 /* AppDelegate.swift */ = {isa = PBXFileReference; lastKnownFileType = sourcecode.swift; path = AppDelegate.swift; sourceTree = "<group>"; };
		F83598982358A85100A843E5 /* ConversionViewController.swift */ = {isa = PBXFileReference; lastKnownFileType = sourcecode.swift; path = ConversionViewController.swift; sourceTree = "<group>"; };
		F835989D2358A85300A843E5 /* Assets.xcassets */ = {isa = PBXFileReference; lastKnownFileType = folder.assetcatalog; path = Assets.xcassets; sourceTree = "<group>"; };
		F83598A02358A85300A843E5 /* Base */ = {isa = PBXFileReference; lastKnownFileType = file.storyboard; name = Base; path = Base.lproj/LaunchScreen.storyboard; sourceTree = "<group>"; };
		F83598A22358A85300A843E5 /* Info.plist */ = {isa = PBXFileReference; lastKnownFileType = text.plist.xml; path = Info.plist; sourceTree = "<group>"; };
		F83598A92358A9CC00A843E5 /* BaseViewController.swift */ = {isa = PBXFileReference; lastKnownFileType = sourcecode.swift; path = BaseViewController.swift; sourceTree = "<group>"; };
		F83598AB2358AA7C00A843E5 /* ConversionViewReactor.swift */ = {isa = PBXFileReference; lastKnownFileType = sourcecode.swift; path = ConversionViewReactor.swift; sourceTree = "<group>"; };
		F83598AE2358BD3000A843E5 /* MeasureService.swift */ = {isa = PBXFileReference; lastKnownFileType = sourcecode.swift; path = MeasureService.swift; sourceTree = "<group>"; };
		F83598B02359F03600A843E5 /* MapViewController.swift */ = {isa = PBXFileReference; lastKnownFileType = sourcecode.swift; path = MapViewController.swift; sourceTree = "<group>"; };
		F83598B22359F07100A843E5 /* MapViewReactor.swift */ = {isa = PBXFileReference; lastKnownFileType = sourcecode.swift; path = MapViewReactor.swift; sourceTree = "<group>"; };
/* End PBXFileReference section */

/* Begin PBXFrameworksBuildPhase section */
		F835988E2358A85100A843E5 /* Frameworks */ = {
			isa = PBXFrameworksBuildPhase;
			buildActionMask = 2147483647;
			files = (
				6B909C7FD62B526E0219CC9B /* Pods_WorldTrotter.framework in Frameworks */,
			);
			runOnlyForDeploymentPostprocessing = 0;
		};
/* End PBXFrameworksBuildPhase section */

/* Begin PBXGroup section */
		6C3A7F05FA128419E76DF07D /* Pods */ = {
			isa = PBXGroup;
			children = (
				1E8D90DA6AEEC7FED255F573 /* Pods-WorldTrotter.debug.xcconfig */,
				07E2D917BCE068D1A42C0A3C /* Pods-WorldTrotter.release.xcconfig */,
			);
			path = Pods;
			sourceTree = "<group>";
		};
		745490DCEE12771D9257E9D9 /* Frameworks */ = {
			isa = PBXGroup;
			children = (
				8C4FA2AA83427D7DFC6260F5 /* Pods_WorldTrotter.framework */,
			);
			name = Frameworks;
			sourceTree = "<group>";
		};
		F83598882358A85100A843E5 = {
			isa = PBXGroup;
			children = (
				F83598932358A85100A843E5 /* WorldTrotter */,
				F83598922358A85100A843E5 /* Products */,
				6C3A7F05FA128419E76DF07D /* Pods */,
				745490DCEE12771D9257E9D9 /* Frameworks */,
			);
			sourceTree = "<group>";
		};
		F83598922358A85100A843E5 /* Products */ = {
			isa = PBXGroup;
			children = (
				F83598912358A85100A843E5 /* WorldTrotter.app */,
			);
			name = Products;
			sourceTree = "<group>";
		};
		F83598932358A85100A843E5 /* WorldTrotter */ = {
			isa = PBXGroup;
			children = (
				F83598AD2358BD2400A843E5 /* Services */,
				F83598A82358A9BC00A843E5 /* ViewControllers */,
				F83598942358A85100A843E5 /* AppDelegate.swift */,
				F835989D2358A85300A843E5 /* Assets.xcassets */,
				F835989F2358A85300A843E5 /* LaunchScreen.storyboard */,
				F83598A22358A85300A843E5 /* Info.plist */,
			);
			path = WorldTrotter;
			sourceTree = "<group>";
		};
		F83598A82358A9BC00A843E5 /* ViewControllers */ = {
			isa = PBXGroup;
			children = (
				F83598A92358A9CC00A843E5 /* BaseViewController.swift */,
				F83598982358A85100A843E5 /* ConversionViewController.swift */,
				F83598AB2358AA7C00A843E5 /* ConversionViewReactor.swift */,
				F83598B02359F03600A843E5 /* MapViewController.swift */,
				F83598B22359F07100A843E5 /* MapViewReactor.swift */,
			);
			path = ViewControllers;
			sourceTree = "<group>";
		};
		F83598AD2358BD2400A843E5 /* Services */ = {
			isa = PBXGroup;
			children = (
				F83598AE2358BD3000A843E5 /* MeasureService.swift */,
			);
			path = Services;
			sourceTree = "<group>";
		};
/* End PBXGroup section */

/* Begin PBXNativeTarget section */
		F83598902358A85100A843E5 /* WorldTrotter */ = {
			isa = PBXNativeTarget;
			buildConfigurationList = F83598A52358A85300A843E5 /* Build configuration list for PBXNativeTarget "WorldTrotter" */;
			buildPhases = (
				E43B0DDAE949A4D503AAE24B /* [CP] Check Pods Manifest.lock */,
				F835988D2358A85100A843E5 /* Sources */,
				F835988E2358A85100A843E5 /* Frameworks */,
				F835988F2358A85100A843E5 /* Resources */,
				A2D7B5940A7C397696D3A3E6 /* [CP] Embed Pods Frameworks */,
			);
			buildRules = (
			);
			dependencies = (
			);
			name = WorldTrotter;
			productName = WorldTrotter;
			productReference = F83598912358A85100A843E5 /* WorldTrotter.app */;
			productType = "com.apple.product-type.application";
		};
/* End PBXNativeTarget section */

/* Begin PBXProject section */
		F83598892358A85100A843E5 /* Project object */ = {
			isa = PBXProject;
			attributes = {
				LastSwiftUpdateCheck = 1100;
				LastUpgradeCheck = 1100;
				ORGANIZATIONNAME = "Jaehyeon Lee";
				TargetAttributes = {
					F83598902358A85100A843E5 = {
						CreatedOnToolsVersion = 11.0;
					};
				};
			};
			buildConfigurationList = F835988C2358A85100A843E5 /* Build configuration list for PBXProject "WorldTrotter" */;
			compatibilityVersion = "Xcode 9.3";
			developmentRegion = en;
			hasScannedForEncodings = 0;
			knownRegions = (
				en,
				Base,
			);
			mainGroup = F83598882358A85100A843E5;
			productRefGroup = F83598922358A85100A843E5 /* Products */;
			projectDirPath = "";
			projectRoot = "";
			targets = (
				F83598902358A85100A843E5 /* WorldTrotter */,
			);
		};
/* End PBXProject section */

/* Begin PBXResourcesBuildPhase section */
		F835988F2358A85100A843E5 /* Resources */ = {
			isa = PBXResourcesBuildPhase;
			buildActionMask = 2147483647;
			files = (
				F83598A12358A85300A843E5 /* LaunchScreen.storyboard in Resources */,
				F835989E2358A85300A843E5 /* Assets.xcassets in Resources */,
			);
			runOnlyForDeploymentPostprocessing = 0;
		};
/* End PBXResourcesBuildPhase section */

/* Begin PBXShellScriptBuildPhase section */
		A2D7B5940A7C397696D3A3E6 /* [CP] Embed Pods Frameworks */ = {
			isa = PBXShellScriptBuildPhase;
			buildActionMask = 2147483647;
			files = (
			);
			inputFileListPaths = (
				"${PODS_ROOT}/Target Support Files/Pods-WorldTrotter/Pods-WorldTrotter-frameworks-${CONFIGURATION}-input-files.xcfilelist",
			);
			name = "[CP] Embed Pods Frameworks";
			outputFileListPaths = (
				"${PODS_ROOT}/Target Support Files/Pods-WorldTrotter/Pods-WorldTrotter-frameworks-${CONFIGURATION}-output-files.xcfilelist",
			);
			runOnlyForDeploymentPostprocessing = 0;
			shellPath = /bin/sh;
			shellScript = "\"${PODS_ROOT}/Target Support Files/Pods-WorldTrotter/Pods-WorldTrotter-frameworks.sh\"\n";
			showEnvVarsInLog = 0;
		};
		E43B0DDAE949A4D503AAE24B /* [CP] Check Pods Manifest.lock */ = {
			isa = PBXShellScriptBuildPhase;
			buildActionMask = 2147483647;
			files = (
			);
			inputFileListPaths = (
			);
			inputPaths = (
				"${PODS_PODFILE_DIR_PATH}/Podfile.lock",
				"${PODS_ROOT}/Manifest.lock",
			);
			name = "[CP] Check Pods Manifest.lock";
			outputFileListPaths = (
			);
			outputPaths = (
				"$(DERIVED_FILE_DIR)/Pods-WorldTrotter-checkManifestLockResult.txt",
			);
			runOnlyForDeploymentPostprocessing = 0;
			shellPath = /bin/sh;
			shellScript = "diff \"${PODS_PODFILE_DIR_PATH}/Podfile.lock\" \"${PODS_ROOT}/Manifest.lock\" > /dev/null\nif [ $? != 0 ] ; then\n    # print error to STDERR\n    echo \"error: The sandbox is not in sync with the Podfile.lock. Run 'pod install' or update your CocoaPods installation.\" >&2\n    exit 1\nfi\n# This output is used by Xcode 'outputs' to avoid re-running this script phase.\necho \"SUCCESS\" > \"${SCRIPT_OUTPUT_FILE_0}\"\n";
			showEnvVarsInLog = 0;
		};
/* End PBXShellScriptBuildPhase section */

/* Begin PBXSourcesBuildPhase section */
		F835988D2358A85100A843E5 /* Sources */ = {
			isa = PBXSourcesBuildPhase;
			buildActionMask = 2147483647;
			files = (
				F83598992358A85100A843E5 /* ConversionViewController.swift in Sources */,
				F83598B12359F03600A843E5 /* MapViewController.swift in Sources */,
				F83598952358A85100A843E5 /* AppDelegate.swift in Sources */,
				F83598AA2358A9CC00A843E5 /* BaseViewController.swift in Sources */,
				F83598B32359F07100A843E5 /* MapViewReactor.swift in Sources */,
				F83598AF2358BD3000A843E5 /* MeasureService.swift in Sources */,
				F83598AC2358AA7C00A843E5 /* ConversionViewReactor.swift in Sources */,
			);
			runOnlyForDeploymentPostprocessing = 0;
		};
/* End PBXSourcesBuildPhase section */

/* Begin PBXVariantGroup section */
		F835989F2358A85300A843E5 /* LaunchScreen.storyboard */ = {
			isa = PBXVariantGroup;
			children = (
				F83598A02358A85300A843E5 /* Base */,
			);
			name = LaunchScreen.storyboard;
			sourceTree = "<group>";
		};
/* End PBXVariantGroup section */

/* Begin XCBuildConfiguration section */
		F83598A32358A85300A843E5 /* Debug */ = {
			isa = XCBuildConfiguration;
			buildSettings = {
				ALWAYS_SEARCH_USER_PATHS = NO;
				CLANG_ANALYZER_NONNULL = YES;
				CLANG_ANALYZER_NUMBER_OBJECT_CONVERSION = YES_AGGRESSIVE;
				CLANG_CXX_LANGUAGE_STANDARD = "gnu++14";
				CLANG_CXX_LIBRARY = "libc++";
				CLANG_ENABLE_MODULES = YES;
				CLANG_ENABLE_OBJC_ARC = YES;
				CLANG_ENABLE_OBJC_WEAK = YES;
				CLANG_WARN_BLOCK_CAPTURE_AUTORELEASING = YES;
				CLANG_WARN_BOOL_CONVERSION = YES;
				CLANG_WARN_COMMA = YES;
				CLANG_WARN_CONSTANT_CONVERSION = YES;
				CLANG_WARN_DEPRECATED_OBJC_IMPLEMENTATIONS = YES;
				CLANG_WARN_DIRECT_OBJC_ISA_USAGE = YES_ERROR;
				CLANG_WARN_DOCUMENTATION_COMMENTS = YES;
				CLANG_WARN_EMPTY_BODY = YES;
				CLANG_WARN_ENUM_CONVERSION = YES;
				CLANG_WARN_INFINITE_RECURSION = YES;
				CLANG_WARN_INT_CONVERSION = YES;
				CLANG_WARN_NON_LITERAL_NULL_CONVERSION = YES;
				CLANG_WARN_OBJC_IMPLICIT_RETAIN_SELF = YES;
				CLANG_WARN_OBJC_LITERAL_CONVERSION = YES;
				CLANG_WARN_OBJC_ROOT_CLASS = YES_ERROR;
				CLANG_WARN_RANGE_LOOP_ANALYSIS = YES;
				CLANG_WARN_STRICT_PROTOTYPES = YES;
				CLANG_WARN_SUSPICIOUS_MOVE = YES;
				CLANG_WARN_UNGUARDED_AVAILABILITY = YES_AGGRESSIVE;
				CLANG_WARN_UNREACHABLE_CODE = YES;
				CLANG_WARN__DUPLICATE_METHOD_MATCH = YES;
				COPY_PHASE_STRIP = NO;
				DEBUG_INFORMATION_FORMAT = dwarf;
				ENABLE_STRICT_OBJC_MSGSEND = YES;
				ENABLE_TESTABILITY = YES;
				GCC_C_LANGUAGE_STANDARD = gnu11;
				GCC_DYNAMIC_NO_PIC = NO;
				GCC_NO_COMMON_BLOCKS = YES;
				GCC_OPTIMIZATION_LEVEL = 0;
				GCC_PREPROCESSOR_DEFINITIONS = (
					"DEBUG=1",
					"$(inherited)",
				);
				GCC_WARN_64_TO_32_BIT_CONVERSION = YES;
				GCC_WARN_ABOUT_RETURN_TYPE = YES_ERROR;
				GCC_WARN_UNDECLARED_SELECTOR = YES;
				GCC_WARN_UNINITIALIZED_AUTOS = YES_AGGRESSIVE;
				GCC_WARN_UNUSED_FUNCTION = YES;
				GCC_WARN_UNUSED_VARIABLE = YES;
				IPHONEOS_DEPLOYMENT_TARGET = 13.0;
				MTL_ENABLE_DEBUG_INFO = INCLUDE_SOURCE;
				MTL_FAST_MATH = YES;
				ONLY_ACTIVE_ARCH = YES;
				SDKROOT = iphoneos;
				SWIFT_ACTIVE_COMPILATION_CONDITIONS = DEBUG;
				SWIFT_OPTIMIZATION_LEVEL = "-Onone";
			};
			name = Debug;
		};
		F83598A42358A85300A843E5 /* Release */ = {
			isa = XCBuildConfiguration;
			buildSettings = {
				ALWAYS_SEARCH_USER_PATHS = NO;
				CLANG_ANALYZER_NONNULL = YES;
				CLANG_ANALYZER_NUMBER_OBJECT_CONVERSION = YES_AGGRESSIVE;
				CLANG_CXX_LANGUAGE_STANDARD = "gnu++14";
				CLANG_CXX_LIBRARY = "libc++";
				CLANG_ENABLE_MODULES = YES;
				CLANG_ENABLE_OBJC_ARC = YES;
				CLANG_ENABLE_OBJC_WEAK = YES;
				CLANG_WARN_BLOCK_CAPTURE_AUTORELEASING = YES;
				CLANG_WARN_BOOL_CONVERSION = YES;
				CLANG_WARN_COMMA = YES;
				CLANG_WARN_CONSTANT_CONVERSION = YES;
				CLANG_WARN_DEPRECATED_OBJC_IMPLEMENTATIONS = YES;
				CLANG_WARN_DIRECT_OBJC_ISA_USAGE = YES_ERROR;
				CLANG_WARN_DOCUMENTATION_COMMENTS = YES;
				CLANG_WARN_EMPTY_BODY = YES;
				CLANG_WARN_ENUM_CONVERSION = YES;
				CLANG_WARN_INFINITE_RECURSION = YES;
				CLANG_WARN_INT_CONVERSION = YES;
				CLANG_WARN_NON_LITERAL_NULL_CONVERSION = YES;
				CLANG_WARN_OBJC_IMPLICIT_RETAIN_SELF = YES;
				CLANG_WARN_OBJC_LITERAL_CONVERSION = YES;
				CLANG_WARN_OBJC_ROOT_CLASS = YES_ERROR;
				CLANG_WARN_RANGE_LOOP_ANALYSIS = YES;
				CLANG_WARN_STRICT_PROTOTYPES = YES;
				CLANG_WARN_SUSPICIOUS_MOVE = YES;
				CLANG_WARN_UNGUARDED_AVAILABILITY = YES_AGGRESSIVE;
				CLANG_WARN_UNREACHABLE_CODE = YES;
				CLANG_WARN__DUPLICATE_METHOD_MATCH = YES;
				COPY_PHASE_STRIP = NO;
				DEBUG_INFORMATION_FORMAT = "dwarf-with-dsym";
				ENABLE_NS_ASSERTIONS = NO;
				ENABLE_STRICT_OBJC_MSGSEND = YES;
				GCC_C_LANGUAGE_STANDARD = gnu11;
				GCC_NO_COMMON_BLOCKS = YES;
				GCC_WARN_64_TO_32_BIT_CONVERSION = YES;
				GCC_WARN_ABOUT_RETURN_TYPE = YES_ERROR;
				GCC_WARN_UNDECLARED_SELECTOR = YES;
				GCC_WARN_UNINITIALIZED_AUTOS = YES_AGGRESSIVE;
				GCC_WARN_UNUSED_FUNCTION = YES;
				GCC_WARN_UNUSED_VARIABLE = YES;
				IPHONEOS_DEPLOYMENT_TARGET = 13.0;
				MTL_ENABLE_DEBUG_INFO = NO;
				MTL_FAST_MATH = YES;
				SDKROOT = iphoneos;
				SWIFT_COMPILATION_MODE = wholemodule;
				SWIFT_OPTIMIZATION_LEVEL = "-O";
				VALIDATE_PRODUCT = YES;
			};
			name = Release;
		};
		F83598A62358A85300A843E5 /* Debug */ = {
			isa = XCBuildConfiguration;
			baseConfigurationReference = 1E8D90DA6AEEC7FED255F573 /* Pods-WorldTrotter.debug.xcconfig */;
			buildSettings = {
				ASSETCATALOG_COMPILER_APPICON_NAME = AppIcon;
				CODE_SIGN_STYLE = Automatic;
				DEVELOPMENT_TEAM = DVLA3A7B33;
				INFOPLIST_FILE = WorldTrotter/Info.plist;
				LD_RUNPATH_SEARCH_PATHS = (
					"$(inherited)",
					"@executable_path/Frameworks",
				);
				PRODUCT_BUNDLE_IDENTIFIER = kr.previous.WorldTrotter;
				PRODUCT_NAME = "$(TARGET_NAME)";
				SWIFT_VERSION = 5.0;
				TARGETED_DEVICE_FAMILY = "1,2";
			};
			name = Debug;
		};
		F83598A72358A85300A843E5 /* Release */ = {
			isa = XCBuildConfiguration;
			baseConfigurationReference = 07E2D917BCE068D1A42C0A3C /* Pods-WorldTrotter.release.xcconfig */;
			buildSettings = {
				ASSETCATALOG_COMPILER_APPICON_NAME = AppIcon;
				CODE_SIGN_STYLE = Automatic;
				DEVELOPMENT_TEAM = DVLA3A7B33;
				INFOPLIST_FILE = WorldTrotter/Info.plist;
				LD_RUNPATH_SEARCH_PATHS = (
					"$(inherited)",
					"@executable_path/Frameworks",
				);
				PRODUCT_BUNDLE_IDENTIFIER = kr.previous.WorldTrotter;
				PRODUCT_NAME = "$(TARGET_NAME)";
				SWIFT_VERSION = 5.0;
				TARGETED_DEVICE_FAMILY = "1,2";
			};
			name = Release;
		};
/* End XCBuildConfiguration section */

/* Begin XCConfigurationList section */
		F835988C2358A85100A843E5 /* Build configuration list for PBXProject "WorldTrotter" */ = {
			isa = XCConfigurationList;
			buildConfigurations = (
				F83598A32358A85300A843E5 /* Debug */,
				F83598A42358A85300A843E5 /* Release */,
			);
			defaultConfigurationIsVisible = 0;
			defaultConfigurationName = Release;
		};
		F83598A52358A85300A843E5 /* Build configuration list for PBXNativeTarget "WorldTrotter" */ = {
			isa = XCConfigurationList;
			buildConfigurations = (
				F83598A62358A85300A843E5 /* Debug */,
				F83598A72358A85300A843E5 /* Release */,
			);
			defaultConfigurationIsVisible = 0;
			defaultConfigurationName = Release;
		};
/* End XCConfigurationList section */
	};
	rootObject = F83598892358A85100A843E5 /* Project object */;
}
